
Microsoft Visual Studio Solution File, Format Version 12.00
# Visual Studio Version 17
VisualStudioVersion = 17.11.35303.130
MinimumVisualStudioVersion = 10.0.40219.1
Project("{FAE04EC0-301F-11D3-BF4B-00C04F79EFBC}") = "Labb3_ADV.NET", "Labb3_ADV.NET\Labb3_ADV.NET.csproj", "{C0B32F2D-8696-4B02-A6F0-D97B238E3442}"
EndProject
Global
	GlobalSection(SolutionConfigurationPlatforms) = preSolution
		Debug|Any CPU = Debug|Any CPU
		Release|Any CPU = Release|Any CPU
	EndGlobalSection
	GlobalSection(ProjectConfigurationPlatforms) = postSolution
		{C0B32F2D-8696-4B02-A6F0-D97B238E3442}.Debug|Any CPU.ActiveCfg = Debug|Any CPU
		{C0B32F2D-8696-4B02-A6F0-D97B238E3442}.Debug|Any CPU.Build.0 = Debug|Any CPU
		{C0B32F2D-8696-4B02-A6F0-D97B238E3442}.Release|Any CPU.ActiveCfg = Release|Any CPU
		{C0B32F2D-8696-4B02-A6F0-D97B238E3442}.Release|Any CPU.Build.0 = Release|Any CPU
	EndGlobalSection
	GlobalSection(SolutionProperties) = preSolution
		HideSolutionNode = FALSE
	EndGlobalSection
	GlobalSection(ExtensibilityGlobals) = postSolution
		SolutionGuid = {C86C9B65-A85C-450C-B019-33E970F9D17E}
	EndGlobalSection
EndGlobal
